# This file is automatically @generated by Poetry and should not be changed by hand.

[[package]]
name = "intent-prediction"
version = "0.1.0"
description = ""
category = "main"
optional = false
python-versions = "^3.11"
files = []
develop = true

[package.source]
type = "directory"
url = "../intent-prediction"

[metadata]
lock-version = "2.0"
python-versions = "^3.11"
content-hash = "870ace36a152c239920a3ee634f7ef013e373c5a8132e16ab89785add2681ba0"
