# This file is automatically @generated by Poetry and should not be changed by hand.

[[package]]
name = "intent-prediction"
version = "0.1.0"
description = ""
category = "main"
optional = false
python-versions = "^3.11"
files = []
develop = true

[package.source]
type = "directory"
url = "../intent-prediction"

[[package]]
name = "reapply-workflows"
version = "0.1.0"
description = ""
category = "main"
optional = false
python-versions = "^3.11"
files = []
develop = true

[package.dependencies]
intent-prediction = {path = "../intent-prediction", develop = true}

[package.source]
type = "directory"
url = "../reapply-workflows"

[metadata]
lock-version = "2.0"
python-versions = "^3.11"
content-hash = "62eb567f5196a9d3517800bed17a5452ccba43e1a1cf68c326545005ffb79bd4"
