# This file is automatically @generated by Poetry and should not be changed by hand.

[[package]]
name = "intent-prediction"
version = "0.1.0"
description = ""
category = "main"
optional = false
python-versions = "^3.11"
files = []
develop = true

[package.source]
type = "directory"
url = "../intent-prediction"

[metadata]
lock-version = "2.0"
python-versions = "^3.11"
content-hash = "290a9ae22e72613b70dc48334b8514f4b5ede56f9ebaa73d0aa981aeacaff233"
